
Microsoft Visual Studio Solution File, Format Version 12.00
# Visual Studio 15
VisualStudioVersion = 15.0.28010.2046
MinimumVisualStudioVersion = 10.0.40219.1
Project("{FAE04EC0-301F-11D3-BF4B-00C04F79EFBC}") = "Proj_JCP", "Proj_JCP\Proj_JCP.csproj", "{687E4E5D-066A-42E4-9964-8B388BE032CD}"
EndProject
Global
	GlobalSection(SolutionConfigurationPlatforms) = preSolution
		Debug|Any CPU = Debug|Any CPU
		Release|Any CPU = Release|Any CPU
	EndGlobalSection
	GlobalSection(ProjectConfigurationPlatforms) = postSolution
		{687E4E5D-066A-42E4-9964-8B388BE032CD}.Debug|Any CPU.ActiveCfg = Debug|Any CPU
		{687E4E5D-066A-42E4-9964-8B388BE032CD}.Debug|Any CPU.Build.0 = Debug|Any CPU
		{687E4E5D-066A-42E4-9964-8B388BE032CD}.Release|Any CPU.ActiveCfg = Release|Any CPU
		{687E4E5D-066A-42E4-9964-8B388BE032CD}.Release|Any CPU.Build.0 = Release|Any CPU
	EndGlobalSection
	GlobalSection(SolutionProperties) = preSolution
		HideSolutionNode = FALSE
	EndGlobalSection
	GlobalSection(ExtensibilityGlobals) = postSolution
		SolutionGuid = {2B693484-A254-4E2A-98C7-28524D83E860}
	EndGlobalSection
EndGlobal
